
Microsoft Visual Studio Solution File, Format Version 12.00
# Visual Studio Version 17
VisualStudioVersion = 17.2.32516.85
MinimumVisualStudioVersion = 10.0.40219.1
Project("{9A19103F-16F7-4668-BE54-9A1E7A4F7556}") = "jumwebapi", "jumwebapi\jumwebapi.csproj", "{D5F3433B-0262-4022-891B-407D565A873A}"
EndProject
Project("{2150E333-8FDC-42A3-9474-1A3956D46DE8}") = "Solution Items", "Solution Items", "{D46503C0-8501-487B-8E64-D47D09E52935}"
	ProjectSection(SolutionItems) = preProject
		.editorconfig = .editorconfig
	EndProjectSection
EndProject
Project("{FAE04EC0-301F-11D3-BF4B-00C04F79EFBC}") = "NotificationService", "NotificationService\NotificationService.csproj", "{D2FC9C45-573B-446C-908E-5841A925F6C4}"
EndProject
Global
	GlobalSection(SolutionConfigurationPlatforms) = preSolution
		Debug|Any CPU = Debug|Any CPU
		Release|Any CPU = Release|Any CPU
	EndGlobalSection
	GlobalSection(ProjectConfigurationPlatforms) = postSolution
		{D5F3433B-0262-4022-891B-407D565A873A}.Debug|Any CPU.ActiveCfg = Debug|Any CPU
		{D5F3433B-0262-4022-891B-407D565A873A}.Debug|Any CPU.Build.0 = Debug|Any CPU
		{D5F3433B-0262-4022-891B-407D565A873A}.Release|Any CPU.ActiveCfg = Release|Any CPU
		{D5F3433B-0262-4022-891B-407D565A873A}.Release|Any CPU.Build.0 = Release|Any CPU
		{D2FC9C45-573B-446C-908E-5841A925F6C4}.Debug|Any CPU.ActiveCfg = Debug|Any CPU
		{D2FC9C45-573B-446C-908E-5841A925F6C4}.Debug|Any CPU.Build.0 = Debug|Any CPU
		{D2FC9C45-573B-446C-908E-5841A925F6C4}.Release|Any CPU.ActiveCfg = Release|Any CPU
		{D2FC9C45-573B-446C-908E-5841A925F6C4}.Release|Any CPU.Build.0 = Release|Any CPU
	EndGlobalSection
	GlobalSection(SolutionProperties) = preSolution
		HideSolutionNode = FALSE
	EndGlobalSection
	GlobalSection(ExtensibilityGlobals) = postSolution
		SolutionGuid = {B5C1B49F-BE01-40CB-9D03-311D605E8478}
	EndGlobalSection
EndGlobal
